
Microsoft Visual Studio Solution File, Format Version 12.00
# Visual Studio 15
VisualStudioVersion = 15.0.26430.6
MinimumVisualStudioVersion = 10.0.40219.1
Project("{FAE04EC0-301F-11D3-BF4B-00C04F79EFBC}") = "WpfApp1", "WpfApp1\WpfApp1.csproj", "{D64173C3-7C1A-4964-8558-0D226065C306}"
EndProject
Project("{FAE04EC0-301F-11D3-BF4B-00C04F79EFBC}") = "ClassLibrary1", "ClassLibrary1\ClassLibrary1.csproj", "{31C5FD1D-04B6-4736-A68B-AE08C21FA38E}"
EndProject
Project("{FAE04EC0-301F-11D3-BF4B-00C04F79EFBC}") = "DomainModel", "DomainModel\DomainModel.csproj", "{326767D7-A106-4F79-89F3-AC87A491CE16}"
EndProject
Global
	GlobalSection(SolutionConfigurationPlatforms) = preSolution
		Debug|Any CPU = Debug|Any CPU
		Release|Any CPU = Release|Any CPU
	EndGlobalSection
	GlobalSection(ProjectConfigurationPlatforms) = postSolution
		{D64173C3-7C1A-4964-8558-0D226065C306}.Debug|Any CPU.ActiveCfg = Debug|Any CPU
		{D64173C3-7C1A-4964-8558-0D226065C306}.Debug|Any CPU.Build.0 = Debug|Any CPU
		{D64173C3-7C1A-4964-8558-0D226065C306}.Release|Any CPU.ActiveCfg = Release|Any CPU
		{D64173C3-7C1A-4964-8558-0D226065C306}.Release|Any CPU.Build.0 = Release|Any CPU
		{31C5FD1D-04B6-4736-A68B-AE08C21FA38E}.Debug|Any CPU.ActiveCfg = Debug|Any CPU
		{31C5FD1D-04B6-4736-A68B-AE08C21FA38E}.Debug|Any CPU.Build.0 = Debug|Any CPU
		{31C5FD1D-04B6-4736-A68B-AE08C21FA38E}.Release|Any CPU.ActiveCfg = Release|Any CPU
		{31C5FD1D-04B6-4736-A68B-AE08C21FA38E}.Release|Any CPU.Build.0 = Release|Any CPU
		{326767D7-A106-4F79-89F3-AC87A491CE16}.Debug|Any CPU.ActiveCfg = Debug|Any CPU
		{326767D7-A106-4F79-89F3-AC87A491CE16}.Debug|Any CPU.Build.0 = Debug|Any CPU
		{326767D7-A106-4F79-89F3-AC87A491CE16}.Release|Any CPU.ActiveCfg = Release|Any CPU
		{326767D7-A106-4F79-89F3-AC87A491CE16}.Release|Any CPU.Build.0 = Release|Any CPU
	EndGlobalSection
	GlobalSection(SolutionProperties) = preSolution
		HideSolutionNode = FALSE
	EndGlobalSection
EndGlobal
