
Microsoft Visual Studio Solution File, Format Version 12.00
# Visual Studio 15
VisualStudioVersion = 15.0.26430.6
MinimumVisualStudioVersion = 10.0.40219.1
Project("{FAE04EC0-301F-11D3-BF4B-00C04F79EFBC}") = "HomeWork13", "HomeWork13\HomeWork13.csproj", "{59E40E3C-2732-4C1C-8015-59A69FC4F673}"
EndProject
Global
	GlobalSection(SolutionConfigurationPlatforms) = preSolution
		Debug|Any CPU = Debug|Any CPU
		Release|Any CPU = Release|Any CPU
	EndGlobalSection
	GlobalSection(ProjectConfigurationPlatforms) = postSolution
		{59E40E3C-2732-4C1C-8015-59A69FC4F673}.Debug|Any CPU.ActiveCfg = Debug|Any CPU
		{59E40E3C-2732-4C1C-8015-59A69FC4F673}.Debug|Any CPU.Build.0 = Debug|Any CPU
		{59E40E3C-2732-4C1C-8015-59A69FC4F673}.Release|Any CPU.ActiveCfg = Release|Any CPU
		{59E40E3C-2732-4C1C-8015-59A69FC4F673}.Release|Any CPU.Build.0 = Release|Any CPU
	EndGlobalSection
	GlobalSection(SolutionProperties) = preSolution
		HideSolutionNode = FALSE
	EndGlobalSection
EndGlobal
